// !$*UTF8*$!
{
	archiveVersion = 1;
	classes = {
	};
	objectVersion = 55;
	objects = {

/* Begin PBXBuildFile section */
		EB8B043A27AD4C4900DD9E65 /* quiz_appApp.swift in Sources */ = {isa = PBXBuildFile; fileRef = EB8B043927AD4C4900DD9E65 /* quiz_appApp.swift */; };
		EB8B043C27AD4C4900DD9E65 /* ContentView.swift in Sources */ = {isa = PBXBuildFile; fileRef = EB8B043B27AD4C4900DD9E65 /* ContentView.swift */; };
		EB8B043E27AD4C4A00DD9E65 /* Assets.xcassets in Resources */ = {isa = PBXBuildFile; fileRef = EB8B043D27AD4C4A00DD9E65 /* Assets.xcassets */; };
		EB8B044127AD4C4A00DD9E65 /* Preview Assets.xcassets in Resources */ = {isa = PBXBuildFile; fileRef = EB8B044027AD4C4A00DD9E65 /* Preview Assets.xcassets */; };
		EB957FD327B2023A002B258B /* question.swift in Sources */ = {isa = PBXBuildFile; fileRef = EB957FD227B2023A002B258B /* question.swift */; };
		EB957FD627B20282002B258B /* ProgressBar.swift in Sources */ = {isa = PBXBuildFile; fileRef = EB957FD527B20282002B258B /* ProgressBar.swift */; };
		EB957FD827B202B3002B258B /* LargeButton.swift in Sources */ = {isa = PBXBuildFile; fileRef = EB957FD727B202B3002B258B /* LargeButton.swift */; };
		EB957FDB27B20309002B258B /* QuestionsController.swift in Sources */ = {isa = PBXBuildFile; fileRef = EB957FDA27B20309002B258B /* QuestionsController.swift */; };
/* End PBXBuildFile section */

/* Begin PBXFileReference section */
		EB8B043627AD4C4900DD9E65 /* quiz app.app */ = {isa = PBXFileReference; explicitFileType = wrapper.application; includeInIndex = 0; path = "quiz app.app"; sourceTree = BUILT_PRODUCTS_DIR; };
		EB8B043927AD4C4900DD9E65 /* quiz_appApp.swift */ = {isa = PBXFileReference; lastKnownFileType = sourcecode.swift; path = quiz_appApp.swift; sourceTree = "<group>"; };
		EB8B043B27AD4C4900DD9E65 /* ContentView.swift */ = {isa = PBXFileReference; lastKnownFileType = sourcecode.swift; path = ContentView.swift; sourceTree = "<group>"; };
		EB8B043D27AD4C4A00DD9E65 /* Assets.xcassets */ = {isa = PBXFileReference; lastKnownFileType = folder.assetcatalog; path = Assets.xcassets; sourceTree = "<group>"; };
		EB8B044027AD4C4A00DD9E65 /* Preview Assets.xcassets */ = {isa = PBXFileReference; lastKnownFileType = folder.assetcatalog; path = "Preview Assets.xcassets"; sourceTree = "<group>"; };
		EB957FD227B2023A002B258B /* question.swift */ = {isa = PBXFileReference; lastKnownFileType = sourcecode.swift; path = question.swift; sourceTree = "<group>"; };
		EB957FD527B20282002B258B /* ProgressBar.swift */ = {isa = PBXFileReference; lastKnownFileType = sourcecode.swift; path = ProgressBar.swift; sourceTree = "<group>"; };
		EB957FD727B202B3002B258B /* LargeButton.swift */ = {isa = PBXFileReference; lastKnownFileType = sourcecode.swift; path = LargeButton.swift; sourceTree = "<group>"; };
		EB957FDA27B20309002B258B /* QuestionsController.swift */ = {isa = PBXFileReference; lastKnownFileType = sourcecode.swift; path = QuestionsController.swift; sourceTree = "<group>"; };
/* End PBXFileReference section */

/* Begin PBXFrameworksBuildPhase section */
		EB8B043327AD4C4900DD9E65 /* Frameworks */ = {
			isa = PBXFrameworksBuildPhase;
			buildActionMask = 2147483647;
			files = (
			);
			runOnlyForDeploymentPostprocessing = 0;
		};
/* End PBXFrameworksBuildPhase section */

/* Begin PBXGroup section */
		EB8B042D27AD4C4900DD9E65 = {
			isa = PBXGroup;
			children = (
				EB8B043827AD4C4900DD9E65 /* quiz app */,
				EB8B043727AD4C4900DD9E65 /* Products */,
			);
			sourceTree = "<group>";
		};
		EB8B043727AD4C4900DD9E65 /* Products */ = {
			isa = PBXGroup;
			children = (
				EB8B043627AD4C4900DD9E65 /* quiz app.app */,
			);
			name = Products;
			sourceTree = "<group>";
		};
		EB8B043827AD4C4900DD9E65 /* quiz app */ = {
			isa = PBXGroup;
			children = (
				EB957FD927B202EA002B258B /* controller */,
				EB957FD427B20270002B258B /* view */,
				EB957FD127B20229002B258B /* models */,
				EB8B043927AD4C4900DD9E65 /* quiz_appApp.swift */,
				EB8B043B27AD4C4900DD9E65 /* ContentView.swift */,
				EB8B043D27AD4C4A00DD9E65 /* Assets.xcassets */,
				EB8B043F27AD4C4A00DD9E65 /* Preview Content */,
			);
			path = "quiz app";
			sourceTree = "<group>";
		};
		EB8B043F27AD4C4A00DD9E65 /* Preview Content */ = {
			isa = PBXGroup;
			children = (
				EB8B044027AD4C4A00DD9E65 /* Preview Assets.xcassets */,
			);
			path = "Preview Content";
			sourceTree = "<group>";
		};
		EB957FD127B20229002B258B /* models */ = {
			isa = PBXGroup;
			children = (
				EB957FD227B2023A002B258B /* question.swift */,
			);
			path = models;
			sourceTree = "<group>";
		};
		EB957FD427B20270002B258B /* view */ = {
			isa = PBXGroup;
			children = (
				EB957FD527B20282002B258B /* ProgressBar.swift */,
				EB957FD727B202B3002B258B /* LargeButton.swift */,
			);
			path = view;
			sourceTree = "<group>";
		};
		EB957FD927B202EA002B258B /* controller */ = {
			isa = PBXGroup;
			children = (
				EB957FDA27B20309002B258B /* QuestionsController.swift */,
			);
			path = controller;
			sourceTree = "<group>";
		};
/* End PBXGroup section */

/* Begin PBXNativeTarget section */
		EB8B043527AD4C4900DD9E65 /* quiz app */ = {
			isa = PBXNativeTarget;
			buildConfigurationList = EB8B044427AD4C4A00DD9E65 /* Build configuration list for PBXNativeTarget "quiz app" */;
			buildPhases = (
				EB8B043227AD4C4900DD9E65 /* Sources */,
				EB8B043327AD4C4900DD9E65 /* Frameworks */,
				EB8B043427AD4C4900DD9E65 /* Resources */,
			);
			buildRules = (
			);
			dependencies = (
			);
			name = "quiz app";
			productName = "quiz app";
			productReference = EB8B043627AD4C4900DD9E65 /* quiz app.app */;
			productType = "com.apple.product-type.application";
		};
/* End PBXNativeTarget section */

/* Begin PBXProject section */
		EB8B042E27AD4C4900DD9E65 /* Project object */ = {
			isa = PBXProject;
			attributes = {
				BuildIndependentTargetsInParallel = 1;
				LastSwiftUpdateCheck = 1320;
				LastUpgradeCheck = 1320;
				TargetAttributes = {
					EB8B043527AD4C4900DD9E65 = {
						CreatedOnToolsVersion = 13.2.1;
					};
				};
			};
			buildConfigurationList = EB8B043127AD4C4900DD9E65 /* Build configuration list for PBXProject "quiz app" */;
			compatibilityVersion = "Xcode 13.0";
			developmentRegion = en;
			hasScannedForEncodings = 0;
			knownRegions = (
				en,
				Base,
			);
			mainGroup = EB8B042D27AD4C4900DD9E65;
			productRefGroup = EB8B043727AD4C4900DD9E65 /* Products */;
			projectDirPath = "";
			projectRoot = "";
			targets = (
				EB8B043527AD4C4900DD9E65 /* quiz app */,
			);
		};
/* End PBXProject section */

/* Begin PBXResourcesBuildPhase section */
		EB8B043427AD4C4900DD9E65 /* Resources */ = {
			isa = PBXResourcesBuildPhase;
			buildActionMask = 2147483647;
			files = (
				EB8B044127AD4C4A00DD9E65 /* Preview Assets.xcassets in Resources */,
				EB8B043E27AD4C4A00DD9E65 /* Assets.xcassets in Resources */,
			);
			runOnlyForDeploymentPostprocessing = 0;
		};
/* End PBXResourcesBuildPhase section */

/* Begin PBXSourcesBuildPhase section */
		EB8B043227AD4C4900DD9E65 /* Sources */ = {
			isa = PBXSourcesBuildPhase;
			buildActionMask = 2147483647;
			files = (
				EB8B043C27AD4C4900DD9E65 /* ContentView.swift in Sources */,
				EB957FDB27B20309002B258B /* QuestionsController.swift in Sources */,
				EB957FD827B202B3002B258B /* LargeButton.swift in Sources */,
				EB8B043A27AD4C4900DD9E65 /* quiz_appApp.swift in Sources */,
				EB957FD627B20282002B258B /* ProgressBar.swift in Sources */,
				EB957FD327B2023A002B258B /* question.swift in Sources */,
			);
			runOnlyForDeploymentPostprocessing = 0;
		};
/* End PBXSourcesBuildPhase section */

/* Begin XCBuildConfiguration section */
		EB8B044227AD4C4A00DD9E65 /* Debug */ = {
			isa = XCBuildConfiguration;
			buildSettings = {
				ALWAYS_SEARCH_USER_PATHS = NO;
				CLANG_ANALYZER_NONNULL = YES;
				CLANG_ANALYZER_NUMBER_OBJECT_CONVERSION = YES_AGGRESSIVE;
				CLANG_CXX_LANGUAGE_STANDARD = "gnu++17";
				CLANG_CXX_LIBRARY = "libc++";
				CLANG_ENABLE_MODULES = YES;
				CLANG_ENABLE_OBJC_ARC = YES;
				CLANG_ENABLE_OBJC_WEAK = YES;
				CLANG_WARN_BLOCK_CAPTURE_AUTORELEASING = YES;
				CLANG_WARN_BOOL_CONVERSION = YES;
				CLANG_WARN_COMMA = YES;
				CLANG_WARN_CONSTANT_CONVERSION = YES;
				CLANG_WARN_DEPRECATED_OBJC_IMPLEMENTATIONS = YES;
				CLANG_WARN_DIRECT_OBJC_ISA_USAGE = YES_ERROR;
				CLANG_WARN_DOCUMENTATION_COMMENTS = YES;
				CLANG_WARN_EMPTY_BODY = YES;
				CLANG_WARN_ENUM_CONVERSION = YES;
				CLANG_WARN_INFINITE_RECURSION = YES;
				CLANG_WARN_INT_CONVERSION = YES;
				CLANG_WARN_NON_LITERAL_NULL_CONVERSION = YES;
				CLANG_WARN_OBJC_IMPLICIT_RETAIN_SELF = YES;
				CLANG_WARN_OBJC_LITERAL_CONVERSION = YES;
				CLANG_WARN_OBJC_ROOT_CLASS = YES_ERROR;
				CLANG_WARN_QUOTED_INCLUDE_IN_FRAMEWORK_HEADER = YES;
				CLANG_WARN_RANGE_LOOP_ANALYSIS = YES;
				CLANG_WARN_STRICT_PROTOTYPES = YES;
				CLANG_WARN_SUSPICIOUS_MOVE = YES;
				CLANG_WARN_UNGUARDED_AVAILABILITY = YES_AGGRESSIVE;
				CLANG_WARN_UNREACHABLE_CODE = YES;
				CLANG_WARN__DUPLICATE_METHOD_MATCH = YES;
				COPY_PHASE_STRIP = NO;
				DEBUG_INFORMATION_FORMAT = dwarf;
				ENABLE_STRICT_OBJC_MSGSEND = YES;
				ENABLE_TESTABILITY = YES;
				GCC_C_LANGUAGE_STANDARD = gnu11;
				GCC_DYNAMIC_NO_PIC = NO;
				GCC_NO_COMMON_BLOCKS = YES;
				GCC_OPTIMIZATION_LEVEL = 0;
				GCC_PREPROCESSOR_DEFINITIONS = (
					"DEBUG=1",
					"$(inherited)",
				);
				GCC_WARN_64_TO_32_BIT_CONVERSION = YES;
				GCC_WARN_ABOUT_RETURN_TYPE = YES_ERROR;
				GCC_WARN_UNDECLARED_SELECTOR = YES;
				GCC_WARN_UNINITIALIZED_AUTOS = YES_AGGRESSIVE;
				GCC_WARN_UNUSED_FUNCTION = YES;
				GCC_WARN_UNUSED_VARIABLE = YES;
				IPHONEOS_DEPLOYMENT_TARGET = 15.2;
				MTL_ENABLE_DEBUG_INFO = INCLUDE_SOURCE;
				MTL_FAST_MATH = YES;
				ONLY_ACTIVE_ARCH = YES;
				SDKROOT = iphoneos;
				SWIFT_ACTIVE_COMPILATION_CONDITIONS = DEBUG;
				SWIFT_OPTIMIZATION_LEVEL = "-Onone";
			};
			name = Debug;
		};
		EB8B044327AD4C4A00DD9E65 /* Release */ = {
			isa = XCBuildConfiguration;
			buildSettings = {
				ALWAYS_SEARCH_USER_PATHS = NO;
				CLANG_ANALYZER_NONNULL = YES;
				CLANG_ANALYZER_NUMBER_OBJECT_CONVERSION = YES_AGGRESSIVE;
				CLANG_CXX_LANGUAGE_STANDARD = "gnu++17";
				CLANG_CXX_LIBRARY = "libc++";
				CLANG_ENABLE_MODULES = YES;
				CLANG_ENABLE_OBJC_ARC = YES;
				CLANG_ENABLE_OBJC_WEAK = YES;
				CLANG_WARN_BLOCK_CAPTURE_AUTORELEASING = YES;
				CLANG_WARN_BOOL_CONVERSION = YES;
				CLANG_WARN_COMMA = YES;
				CLANG_WARN_CONSTANT_CONVERSION = YES;
				CLANG_WARN_DEPRECATED_OBJC_IMPLEMENTATIONS = YES;
				CLANG_WARN_DIRECT_OBJC_ISA_USAGE = YES_ERROR;
				CLANG_WARN_DOCUMENTATION_COMMENTS = YES;
				CLANG_WARN_EMPTY_BODY = YES;
				CLANG_WARN_ENUM_CONVERSION = YES;
				CLANG_WARN_INFINITE_RECURSION = YES;
				CLANG_WARN_INT_CONVERSION = YES;
				CLANG_WARN_NON_LITERAL_NULL_CONVERSION = YES;
				CLANG_WARN_OBJC_IMPLICIT_RETAIN_SELF = YES;
				CLANG_WARN_OBJC_LITERAL_CONVERSION = YES;
				CLANG_WARN_OBJC_ROOT_CLASS = YES_ERROR;
				CLANG_WARN_QUOTED_INCLUDE_IN_FRAMEWORK_HEADER = YES;
				CLANG_WARN_RANGE_LOOP_ANALYSIS = YES;
				CLANG_WARN_STRICT_PROTOTYPES = YES;
				CLANG_WARN_SUSPICIOUS_MOVE = YES;
				CLANG_WARN_UNGUARDED_AVAILABILITY = YES_AGGRESSIVE;
				CLANG_WARN_UNREACHABLE_CODE = YES;
				CLANG_WARN__DUPLICATE_METHOD_MATCH = YES;
				COPY_PHASE_STRIP = NO;
				DEBUG_INFORMATION_FORMAT = "dwarf-with-dsym";
				ENABLE_NS_ASSERTIONS = NO;
				ENABLE_STRICT_OBJC_MSGSEND = YES;
				GCC_C_LANGUAGE_STANDARD = gnu11;
				GCC_NO_COMMON_BLOCKS = YES;
				GCC_WARN_64_TO_32_BIT_CONVERSION = YES;
				GCC_WARN_ABOUT_RETURN_TYPE = YES_ERROR;
				GCC_WARN_UNDECLARED_SELECTOR = YES;
				GCC_WARN_UNINITIALIZED_AUTOS = YES_AGGRESSIVE;
				GCC_WARN_UNUSED_FUNCTION = YES;
				GCC_WARN_UNUSED_VARIABLE = YES;
				IPHONEOS_DEPLOYMENT_TARGET = 15.2;
				MTL_ENABLE_DEBUG_INFO = NO;
				MTL_FAST_MATH = YES;
				SDKROOT = iphoneos;
				SWIFT_COMPILATION_MODE = wholemodule;
				SWIFT_OPTIMIZATION_LEVEL = "-O";
				VALIDATE_PRODUCT = YES;
			};
			name = Release;
		};
		EB8B044527AD4C4A00DD9E65 /* Debug */ = {
			isa = XCBuildConfiguration;
			buildSettings = {
				ASSETCATALOG_COMPILER_APPICON_NAME = AppIcon;
				ASSETCATALOG_COMPILER_GLOBAL_ACCENT_COLOR_NAME = AccentColor;
				CODE_SIGN_STYLE = Automatic;
				CURRENT_PROJECT_VERSION = 1;
				DEVELOPMENT_ASSET_PATHS = "\"quiz app/Preview Content\"";
				DEVELOPMENT_TEAM = ZYC3TGDC9T;
				ENABLE_PREVIEWS = YES;
				GENERATE_INFOPLIST_FILE = YES;
				INFOPLIST_KEY_UIApplicationSceneManifest_Generation = YES;
				INFOPLIST_KEY_UIApplicationSupportsIndirectInputEvents = YES;
				INFOPLIST_KEY_UILaunchScreen_Generation = YES;
				INFOPLIST_KEY_UISupportedInterfaceOrientations_iPad = "UIInterfaceOrientationPortrait UIInterfaceOrientationPortraitUpsideDown UIInterfaceOrientationLandscapeLeft UIInterfaceOrientationLandscapeRight";
				INFOPLIST_KEY_UISupportedInterfaceOrientations_iPhone = "UIInterfaceOrientationPortrait UIInterfaceOrientationLandscapeLeft UIInterfaceOrientationLandscapeRight";
				LD_RUNPATH_SEARCH_PATHS = (
					"$(inherited)",
					"@executable_path/Frameworks",
				);
				MARKETING_VERSION = 1.0;
				PRODUCT_BUNDLE_IDENTIFIER = "com.nw.quiz-app";
				PRODUCT_NAME = "$(TARGET_NAME)";
				SWIFT_EMIT_LOC_STRINGS = YES;
				SWIFT_VERSION = 5.0;
				TARGETED_DEVICE_FAMILY = "1,2";
			};
			name = Debug;
		};
		EB8B044627AD4C4A00DD9E65 /* Release */ = {
			isa = XCBuildConfiguration;
			buildSettings = {
				ASSETCATALOG_COMPILER_APPICON_NAME = AppIcon;
				ASSETCATALOG_COMPILER_GLOBAL_ACCENT_COLOR_NAME = AccentColor;
				CODE_SIGN_STYLE = Automatic;
				CURRENT_PROJECT_VERSION = 1;
				DEVELOPMENT_ASSET_PATHS = "\"quiz app/Preview Content\"";
				DEVELOPMENT_TEAM = ZYC3TGDC9T;
				ENABLE_PREVIEWS = YES;
				GENERATE_INFOPLIST_FILE = YES;
				INFOPLIST_KEY_UIApplicationSceneManifest_Generation = YES;
				INFOPLIST_KEY_UIApplicationSupportsIndirectInputEvents = YES;
				INFOPLIST_KEY_UILaunchScreen_Generation = YES;
				INFOPLIST_KEY_UISupportedInterfaceOrientations_iPad = "UIInterfaceOrientationPortrait UIInterfaceOrientationPortraitUpsideDown UIInterfaceOrientationLandscapeLeft UIInterfaceOrientationLandscapeRight";
				INFOPLIST_KEY_UISupportedInterfaceOrientations_iPhone = "UIInterfaceOrientationPortrait UIInterfaceOrientationLandscapeLeft UIInterfaceOrientationLandscapeRight";
				LD_RUNPATH_SEARCH_PATHS = (
					"$(inherited)",
					"@executable_path/Frameworks",
				);
				MARKETING_VERSION = 1.0;
				PRODUCT_BUNDLE_IDENTIFIER = "com.nw.quiz-app";
				PRODUCT_NAME = "$(TARGET_NAME)";
				SWIFT_EMIT_LOC_STRINGS = YES;
				SWIFT_VERSION = 5.0;
				TARGETED_DEVICE_FAMILY = "1,2";
			};
			name = Release;
		};
/* End XCBuildConfiguration section */

/* Begin XCConfigurationList section */
		EB8B043127AD4C4900DD9E65 /* Build configuration list for PBXProject "quiz app" */ = {
			isa = XCConfigurationList;
			buildConfigurations = (
				EB8B044227AD4C4A00DD9E65 /* Debug */,
				EB8B044327AD4C4A00DD9E65 /* Release */,
			);
			defaultConfigurationIsVisible = 0;
			defaultConfigurationName = Release;
		};
		EB8B044427AD4C4A00DD9E65 /* Build configuration list for PBXNativeTarget "quiz app" */ = {
			isa = XCConfigurationList;
			buildConfigurations = (
				EB8B044527AD4C4A00DD9E65 /* Debug */,
				EB8B044627AD4C4A00DD9E65 /* Release */,
			);
			defaultConfigurationIsVisible = 0;
			defaultConfigurationName = Release;
		};
/* End XCConfigurationList section */
	};
	rootObject = EB8B042E27AD4C4900DD9E65 /* Project object */;
}
